// !$*UTF8*$!
{
	archiveVersion = 1;
	classes = {
	};
	objectVersion = 55;
	objects = {

/* Begin PBXBuildFile section */
		426350AF282A54DD00F52A2A /* Form.swift in Sources */ = {isa = PBXBuildFile; fileRef = 426350AE282A54DD00F52A2A /* Form.swift */; };
		42C59E0D2822A815003BE0C5 /* surfApp.swift in Sources */ = {isa = PBXBuildFile; fileRef = 42C59E0C2822A815003BE0C5 /* surfApp.swift */; };
		42C59E0F2822A815003BE0C5 /* ContentView.swift in Sources */ = {isa = PBXBuildFile; fileRef = 42C59E0E2822A815003BE0C5 /* ContentView.swift */; };
		42C59E112822A81A003BE0C5 /* Assets.xcassets in Resources */ = {isa = PBXBuildFile; fileRef = 42C59E102822A81A003BE0C5 /* Assets.xcassets */; };
		42C59E142822A81A003BE0C5 /* Preview Assets.xcassets in Resources */ = {isa = PBXBuildFile; fileRef = 42C59E132822A81A003BE0C5 /* Preview Assets.xcassets */; };
		42C59E1B2822A87B003BE0C5 /* SpotDetails.swift in Sources */ = {isa = PBXBuildFile; fileRef = 42C59E1A2822A87B003BE0C5 /* SpotDetails.swift */; };
		42C59E1D2822AB88003BE0C5 /* CircleImg.swift in Sources */ = {isa = PBXBuildFile; fileRef = 42C59E1C2822AB88003BE0C5 /* CircleImg.swift */; };
		42C59E1F2822ADE8003BE0C5 /* MapView.swift in Sources */ = {isa = PBXBuildFile; fileRef = 42C59E1E2822ADE8003BE0C5 /* MapView.swift */; };
		42C59E212822B701003BE0C5 /* spots.json in Resources */ = {isa = PBXBuildFile; fileRef = 42C59E202822B701003BE0C5 /* spots.json */; };
		42C59E252822BAC9003BE0C5 /* Spot.swift in Sources */ = {isa = PBXBuildFile; fileRef = 42C59E242822BAC9003BE0C5 /* Spot.swift */; };
		42C59E272822BADE003BE0C5 /* ModelData.swift in Sources */ = {isa = PBXBuildFile; fileRef = 42C59E262822BADE003BE0C5 /* ModelData.swift */; };
		42C59E292822C3DB003BE0C5 /* Row.swift in Sources */ = {isa = PBXBuildFile; fileRef = 42C59E282822C3DB003BE0C5 /* Row.swift */; };
		42C59E2B2822C658003BE0C5 /* ListSpot.swift in Sources */ = {isa = PBXBuildFile; fileRef = 42C59E2A2822C658003BE0C5 /* ListSpot.swift */; };
/* End PBXBuildFile section */

/* Begin PBXFileReference section */
		426350AE282A54DD00F52A2A /* Form.swift */ = {isa = PBXFileReference; lastKnownFileType = sourcecode.swift; path = Form.swift; sourceTree = "<group>"; };
		42C59E092822A815003BE0C5 /* surf.app */ = {isa = PBXFileReference; explicitFileType = wrapper.application; includeInIndex = 0; path = surf.app; sourceTree = BUILT_PRODUCTS_DIR; };
		42C59E0C2822A815003BE0C5 /* surfApp.swift */ = {isa = PBXFileReference; lastKnownFileType = sourcecode.swift; path = surfApp.swift; sourceTree = "<group>"; };
		42C59E0E2822A815003BE0C5 /* ContentView.swift */ = {isa = PBXFileReference; lastKnownFileType = sourcecode.swift; path = ContentView.swift; sourceTree = "<group>"; };
		42C59E102822A81A003BE0C5 /* Assets.xcassets */ = {isa = PBXFileReference; lastKnownFileType = folder.assetcatalog; path = Assets.xcassets; sourceTree = "<group>"; };
		42C59E132822A81A003BE0C5 /* Preview Assets.xcassets */ = {isa = PBXFileReference; lastKnownFileType = folder.assetcatalog; path = "Preview Assets.xcassets"; sourceTree = "<group>"; };
		42C59E1A2822A87B003BE0C5 /* SpotDetails.swift */ = {isa = PBXFileReference; lastKnownFileType = sourcecode.swift; path = SpotDetails.swift; sourceTree = "<group>"; };
		42C59E1C2822AB88003BE0C5 /* CircleImg.swift */ = {isa = PBXFileReference; lastKnownFileType = sourcecode.swift; path = CircleImg.swift; sourceTree = "<group>"; };
		42C59E1E2822ADE8003BE0C5 /* MapView.swift */ = {isa = PBXFileReference; lastKnownFileType = sourcecode.swift; path = MapView.swift; sourceTree = "<group>"; };
		42C59E202822B701003BE0C5 /* spots.json */ = {isa = PBXFileReference; fileEncoding = 4; lastKnownFileType = text.json; path = spots.json; sourceTree = "<group>"; };
		42C59E242822BAC9003BE0C5 /* Spot.swift */ = {isa = PBXFileReference; lastKnownFileType = sourcecode.swift; path = Spot.swift; sourceTree = "<group>"; };
		42C59E262822BADE003BE0C5 /* ModelData.swift */ = {isa = PBXFileReference; lastKnownFileType = sourcecode.swift; path = ModelData.swift; sourceTree = "<group>"; };
		42C59E282822C3DB003BE0C5 /* Row.swift */ = {isa = PBXFileReference; lastKnownFileType = sourcecode.swift; path = Row.swift; sourceTree = "<group>"; };
		42C59E2A2822C658003BE0C5 /* ListSpot.swift */ = {isa = PBXFileReference; lastKnownFileType = sourcecode.swift; path = ListSpot.swift; sourceTree = "<group>"; };
/* End PBXFileReference section */

/* Begin PBXFrameworksBuildPhase section */
		42C59E062822A815003BE0C5 /* Frameworks */ = {
			isa = PBXFrameworksBuildPhase;
			buildActionMask = 2147483647;
			files = (
			);
			runOnlyForDeploymentPostprocessing = 0;
		};
/* End PBXFrameworksBuildPhase section */

/* Begin PBXGroup section */
		42C59E002822A815003BE0C5 = {
			isa = PBXGroup;
			children = (
				42C59E0B2822A815003BE0C5 /* surf */,
				42C59E0A2822A815003BE0C5 /* Products */,
			);
			sourceTree = "<group>";
		};
		42C59E0A2822A815003BE0C5 /* Products */ = {
			isa = PBXGroup;
			children = (
				42C59E092822A815003BE0C5 /* surf.app */,
			);
			name = Products;
			sourceTree = "<group>";
		};
		42C59E0B2822A815003BE0C5 /* surf */ = {
			isa = PBXGroup;
			children = (
				42C59E232822BAA0003BE0C5 /* Model */,
				42C59E222822BA6A003BE0C5 /* Views */,
				42C59E0C2822A815003BE0C5 /* surfApp.swift */,
				42C59E102822A81A003BE0C5 /* Assets.xcassets */,
				42C59E202822B701003BE0C5 /* spots.json */,
				42C59E122822A81A003BE0C5 /* Preview Content */,
			);
			path = surf;
			sourceTree = "<group>";
		};
		42C59E122822A81A003BE0C5 /* Preview Content */ = {
			isa = PBXGroup;
			children = (
				42C59E132822A81A003BE0C5 /* Preview Assets.xcassets */,
			);
			path = "Preview Content";
			sourceTree = "<group>";
		};
		42C59E222822BA6A003BE0C5 /* Views */ = {
			isa = PBXGroup;
			children = (
				42C59E282822C3DB003BE0C5 /* Row.swift */,
				42C59E2A2822C658003BE0C5 /* ListSpot.swift */,
				42C59E1A2822A87B003BE0C5 /* SpotDetails.swift */,
				42C59E1E2822ADE8003BE0C5 /* MapView.swift */,
				42C59E1C2822AB88003BE0C5 /* CircleImg.swift */,
				42C59E0E2822A815003BE0C5 /* ContentView.swift */,
				426350AE282A54DD00F52A2A /* Form.swift */,
			);
			path = Views;
			sourceTree = "<group>";
		};
		42C59E232822BAA0003BE0C5 /* Model */ = {
			isa = PBXGroup;
			children = (
				42C59E242822BAC9003BE0C5 /* Spot.swift */,
				42C59E262822BADE003BE0C5 /* ModelData.swift */,
			);
			path = Model;
			sourceTree = "<group>";
		};
/* End PBXGroup section */

/* Begin PBXNativeTarget section */
		42C59E082822A815003BE0C5 /* surf */ = {
			isa = PBXNativeTarget;
			buildConfigurationList = 42C59E172822A81A003BE0C5 /* Build configuration list for PBXNativeTarget "surf" */;
			buildPhases = (
				42C59E052822A815003BE0C5 /* Sources */,
				42C59E062822A815003BE0C5 /* Frameworks */,
				42C59E072822A815003BE0C5 /* Resources */,
			);
			buildRules = (
			);
			dependencies = (
			);
			name = surf;
			productName = surf;
			productReference = 42C59E092822A815003BE0C5 /* surf.app */;
			productType = "com.apple.product-type.application";
		};
/* End PBXNativeTarget section */

/* Begin PBXProject section */
		42C59E012822A815003BE0C5 /* Project object */ = {
			isa = PBXProject;
			attributes = {
				BuildIndependentTargetsInParallel = 1;
				LastSwiftUpdateCheck = 1330;
				LastUpgradeCheck = 1330;
				TargetAttributes = {
					42C59E082822A815003BE0C5 = {
						CreatedOnToolsVersion = 13.3.1;
					};
				};
			};
			buildConfigurationList = 42C59E042822A815003BE0C5 /* Build configuration list for PBXProject "surf" */;
			compatibilityVersion = "Xcode 13.0";
			developmentRegion = en;
			hasScannedForEncodings = 0;
			knownRegions = (
				en,
				Base,
			);
			mainGroup = 42C59E002822A815003BE0C5;
			productRefGroup = 42C59E0A2822A815003BE0C5 /* Products */;
			projectDirPath = "";
			projectRoot = "";
			targets = (
				42C59E082822A815003BE0C5 /* surf */,
			);
		};
/* End PBXProject section */

/* Begin PBXResourcesBuildPhase section */
		42C59E072822A815003BE0C5 /* Resources */ = {
			isa = PBXResourcesBuildPhase;
			buildActionMask = 2147483647;
			files = (
				42C59E142822A81A003BE0C5 /* Preview Assets.xcassets in Resources */,
				42C59E212822B701003BE0C5 /* spots.json in Resources */,
				42C59E112822A81A003BE0C5 /* Assets.xcassets in Resources */,
			);
			runOnlyForDeploymentPostprocessing = 0;
		};
/* End PBXResourcesBuildPhase section */

/* Begin PBXSourcesBuildPhase section */
		42C59E052822A815003BE0C5 /* Sources */ = {
			isa = PBXSourcesBuildPhase;
			buildActionMask = 2147483647;
			files = (
				42C59E1F2822ADE8003BE0C5 /* MapView.swift in Sources */,
				42C59E252822BAC9003BE0C5 /* Spot.swift in Sources */,
				42C59E0F2822A815003BE0C5 /* ContentView.swift in Sources */,
				42C59E1D2822AB88003BE0C5 /* CircleImg.swift in Sources */,
				42C59E292822C3DB003BE0C5 /* Row.swift in Sources */,
				42C59E1B2822A87B003BE0C5 /* SpotDetails.swift in Sources */,
				42C59E0D2822A815003BE0C5 /* surfApp.swift in Sources */,
				426350AF282A54DD00F52A2A /* Form.swift in Sources */,
				42C59E272822BADE003BE0C5 /* ModelData.swift in Sources */,
				42C59E2B2822C658003BE0C5 /* ListSpot.swift in Sources */,
			);
			runOnlyForDeploymentPostprocessing = 0;
		};
/* End PBXSourcesBuildPhase section */

/* Begin XCBuildConfiguration section */
		42C59E152822A81A003BE0C5 /* Debug */ = {
			isa = XCBuildConfiguration;
			buildSettings = {
				ALWAYS_SEARCH_USER_PATHS = NO;
				CLANG_ANALYZER_NONNULL = YES;
				CLANG_ANALYZER_NUMBER_OBJECT_CONVERSION = YES_AGGRESSIVE;
				CLANG_CXX_LANGUAGE_STANDARD = "gnu++17";
				CLANG_ENABLE_MODULES = YES;
				CLANG_ENABLE_OBJC_ARC = YES;
				CLANG_ENABLE_OBJC_WEAK = YES;
				CLANG_WARN_BLOCK_CAPTURE_AUTORELEASING = YES;
				CLANG_WARN_BOOL_CONVERSION = YES;
				CLANG_WARN_COMMA = YES;
				CLANG_WARN_CONSTANT_CONVERSION = YES;
				CLANG_WARN_DEPRECATED_OBJC_IMPLEMENTATIONS = YES;
				CLANG_WARN_DIRECT_OBJC_ISA_USAGE = YES_ERROR;
				CLANG_WARN_DOCUMENTATION_COMMENTS = YES;
				CLANG_WARN_EMPTY_BODY = YES;
				CLANG_WARN_ENUM_CONVERSION = YES;
				CLANG_WARN_INFINITE_RECURSION = YES;
				CLANG_WARN_INT_CONVERSION = YES;
				CLANG_WARN_NON_LITERAL_NULL_CONVERSION = YES;
				CLANG_WARN_OBJC_IMPLICIT_RETAIN_SELF = YES;
				CLANG_WARN_OBJC_LITERAL_CONVERSION = YES;
				CLANG_WARN_OBJC_ROOT_CLASS = YES_ERROR;
				CLANG_WARN_QUOTED_INCLUDE_IN_FRAMEWORK_HEADER = YES;
				CLANG_WARN_RANGE_LOOP_ANALYSIS = YES;
				CLANG_WARN_STRICT_PROTOTYPES = YES;
				CLANG_WARN_SUSPICIOUS_MOVE = YES;
				CLANG_WARN_UNGUARDED_AVAILABILITY = YES_AGGRESSIVE;
				CLANG_WARN_UNREACHABLE_CODE = YES;
				CLANG_WARN__DUPLICATE_METHOD_MATCH = YES;
				COPY_PHASE_STRIP = NO;
				DEBUG_INFORMATION_FORMAT = dwarf;
				ENABLE_STRICT_OBJC_MSGSEND = YES;
				ENABLE_TESTABILITY = YES;
				GCC_C_LANGUAGE_STANDARD = gnu11;
				GCC_DYNAMIC_NO_PIC = NO;
				GCC_NO_COMMON_BLOCKS = YES;
				GCC_OPTIMIZATION_LEVEL = 0;
				GCC_PREPROCESSOR_DEFINITIONS = (
					"DEBUG=1",
					"$(inherited)",
				);
				GCC_WARN_64_TO_32_BIT_CONVERSION = YES;
				GCC_WARN_ABOUT_RETURN_TYPE = YES_ERROR;
				GCC_WARN_UNDECLARED_SELECTOR = YES;
				GCC_WARN_UNINITIALIZED_AUTOS = YES_AGGRESSIVE;
				GCC_WARN_UNUSED_FUNCTION = YES;
				GCC_WARN_UNUSED_VARIABLE = YES;
				IPHONEOS_DEPLOYMENT_TARGET = 15.4;
				MTL_ENABLE_DEBUG_INFO = INCLUDE_SOURCE;
				MTL_FAST_MATH = YES;
				ONLY_ACTIVE_ARCH = YES;
				SDKROOT = iphoneos;
				SWIFT_ACTIVE_COMPILATION_CONDITIONS = DEBUG;
				SWIFT_OPTIMIZATION_LEVEL = "-Onone";
			};
			name = Debug;
		};
		42C59E162822A81A003BE0C5 /* Release */ = {
			isa = XCBuildConfiguration;
			buildSettings = {
				ALWAYS_SEARCH_USER_PATHS = NO;
				CLANG_ANALYZER_NONNULL = YES;
				CLANG_ANALYZER_NUMBER_OBJECT_CONVERSION = YES_AGGRESSIVE;
				CLANG_CXX_LANGUAGE_STANDARD = "gnu++17";
				CLANG_ENABLE_MODULES = YES;
				CLANG_ENABLE_OBJC_ARC = YES;
				CLANG_ENABLE_OBJC_WEAK = YES;
				CLANG_WARN_BLOCK_CAPTURE_AUTORELEASING = YES;
				CLANG_WARN_BOOL_CONVERSION = YES;
				CLANG_WARN_COMMA = YES;
				CLANG_WARN_CONSTANT_CONVERSION = YES;
				CLANG_WARN_DEPRECATED_OBJC_IMPLEMENTATIONS = YES;
				CLANG_WARN_DIRECT_OBJC_ISA_USAGE = YES_ERROR;
				CLANG_WARN_DOCUMENTATION_COMMENTS = YES;
				CLANG_WARN_EMPTY_BODY = YES;
				CLANG_WARN_ENUM_CONVERSION = YES;
				CLANG_WARN_INFINITE_RECURSION = YES;
				CLANG_WARN_INT_CONVERSION = YES;
				CLANG_WARN_NON_LITERAL_NULL_CONVERSION = YES;
				CLANG_WARN_OBJC_IMPLICIT_RETAIN_SELF = YES;
				CLANG_WARN_OBJC_LITERAL_CONVERSION = YES;
				CLANG_WARN_OBJC_ROOT_CLASS = YES_ERROR;
				CLANG_WARN_QUOTED_INCLUDE_IN_FRAMEWORK_HEADER = YES;
				CLANG_WARN_RANGE_LOOP_ANALYSIS = YES;
				CLANG_WARN_STRICT_PROTOTYPES = YES;
				CLANG_WARN_SUSPICIOUS_MOVE = YES;
				CLANG_WARN_UNGUARDED_AVAILABILITY = YES_AGGRESSIVE;
				CLANG_WARN_UNREACHABLE_CODE = YES;
				CLANG_WARN__DUPLICATE_METHOD_MATCH = YES;
				COPY_PHASE_STRIP = NO;
				DEBUG_INFORMATION_FORMAT = "dwarf-with-dsym";
				ENABLE_NS_ASSERTIONS = NO;
				ENABLE_STRICT_OBJC_MSGSEND = YES;
				GCC_C_LANGUAGE_STANDARD = gnu11;
				GCC_NO_COMMON_BLOCKS = YES;
				GCC_WARN_64_TO_32_BIT_CONVERSION = YES;
				GCC_WARN_ABOUT_RETURN_TYPE = YES_ERROR;
				GCC_WARN_UNDECLARED_SELECTOR = YES;
				GCC_WARN_UNINITIALIZED_AUTOS = YES_AGGRESSIVE;
				GCC_WARN_UNUSED_FUNCTION = YES;
				GCC_WARN_UNUSED_VARIABLE = YES;
				IPHONEOS_DEPLOYMENT_TARGET = 15.4;
				MTL_ENABLE_DEBUG_INFO = NO;
				MTL_FAST_MATH = YES;
				SDKROOT = iphoneos;
				SWIFT_COMPILATION_MODE = wholemodule;
				SWIFT_OPTIMIZATION_LEVEL = "-O";
				VALIDATE_PRODUCT = YES;
			};
			name = Release;
		};
		42C59E182822A81A003BE0C5 /* Debug */ = {
			isa = XCBuildConfiguration;
			buildSettings = {
				ASSETCATALOG_COMPILER_APPICON_NAME = AppIcon;
				ASSETCATALOG_COMPILER_GLOBAL_ACCENT_COLOR_NAME = AccentColor;
				CODE_SIGN_STYLE = Automatic;
				CURRENT_PROJECT_VERSION = 1;
				DEVELOPMENT_ASSET_PATHS = "\"surf/Preview Content\"";
				ENABLE_PREVIEWS = YES;
				GENERATE_INFOPLIST_FILE = YES;
				INFOPLIST_KEY_UIApplicationSceneManifest_Generation = YES;
				INFOPLIST_KEY_UIApplicationSupportsIndirectInputEvents = YES;
				INFOPLIST_KEY_UILaunchScreen_Generation = YES;
				INFOPLIST_KEY_UISupportedInterfaceOrientations_iPad = "UIInterfaceOrientationPortrait UIInterfaceOrientationPortraitUpsideDown UIInterfaceOrientationLandscapeLeft UIInterfaceOrientationLandscapeRight";
				INFOPLIST_KEY_UISupportedInterfaceOrientations_iPhone = "UIInterfaceOrientationPortrait UIInterfaceOrientationLandscapeLeft UIInterfaceOrientationLandscapeRight";
				LD_RUNPATH_SEARCH_PATHS = (
					"$(inherited)",
					"@executable_path/Frameworks",
				);
				MARKETING_VERSION = 1.0;
				PRODUCT_BUNDLE_IDENTIFIER = com.ada.surf;
				PRODUCT_NAME = "$(TARGET_NAME)";
				SWIFT_EMIT_LOC_STRINGS = YES;
				SWIFT_VERSION = 5.0;
				TARGETED_DEVICE_FAMILY = "1,2";
			};
			name = Debug;
		};
		42C59E192822A81A003BE0C5 /* Release */ = {
			isa = XCBuildConfiguration;
			buildSettings = {
				ASSETCATALOG_COMPILER_APPICON_NAME = AppIcon;
				ASSETCATALOG_COMPILER_GLOBAL_ACCENT_COLOR_NAME = AccentColor;
				CODE_SIGN_STYLE = Automatic;
				CURRENT_PROJECT_VERSION = 1;
				DEVELOPMENT_ASSET_PATHS = "\"surf/Preview Content\"";
				ENABLE_PREVIEWS = YES;
				GENERATE_INFOPLIST_FILE = YES;
				INFOPLIST_KEY_UIApplicationSceneManifest_Generation = YES;
				INFOPLIST_KEY_UIApplicationSupportsIndirectInputEvents = YES;
				INFOPLIST_KEY_UILaunchScreen_Generation = YES;
				INFOPLIST_KEY_UISupportedInterfaceOrientations_iPad = "UIInterfaceOrientationPortrait UIInterfaceOrientationPortraitUpsideDown UIInterfaceOrientationLandscapeLeft UIInterfaceOrientationLandscapeRight";
				INFOPLIST_KEY_UISupportedInterfaceOrientations_iPhone = "UIInterfaceOrientationPortrait UIInterfaceOrientationLandscapeLeft UIInterfaceOrientationLandscapeRight";
				LD_RUNPATH_SEARCH_PATHS = (
					"$(inherited)",
					"@executable_path/Frameworks",
				);
				MARKETING_VERSION = 1.0;
				PRODUCT_BUNDLE_IDENTIFIER = com.ada.surf;
				PRODUCT_NAME = "$(TARGET_NAME)";
				SWIFT_EMIT_LOC_STRINGS = YES;
				SWIFT_VERSION = 5.0;
				TARGETED_DEVICE_FAMILY = "1,2";
			};
			name = Release;
		};
/* End XCBuildConfiguration section */

/* Begin XCConfigurationList section */
		42C59E042822A815003BE0C5 /* Build configuration list for PBXProject "surf" */ = {
			isa = XCConfigurationList;
			buildConfigurations = (
				42C59E152822A81A003BE0C5 /* Debug */,
				42C59E162822A81A003BE0C5 /* Release */,
			);
			defaultConfigurationIsVisible = 0;
			defaultConfigurationName = Release;
		};
		42C59E172822A81A003BE0C5 /* Build configuration list for PBXNativeTarget "surf" */ = {
			isa = XCConfigurationList;
			buildConfigurations = (
				42C59E182822A81A003BE0C5 /* Debug */,
				42C59E192822A81A003BE0C5 /* Release */,
			);
			defaultConfigurationIsVisible = 0;
			defaultConfigurationName = Release;
		};
/* End XCConfigurationList section */
	};
	rootObject = 42C59E012822A815003BE0C5 /* Project object */;
}
